github.com/prinsb/dog v0.0.0-20230716104034-e8b6c2bce4bf h1:0w7rmhE+qKJEvWQn/ZgU42pTIjh+ZvYHzX2wpoxCTBA=
github.com/prinsb/dog v0.0.0-20230716104034-e8b6c2bce4bf/go.mod h1:qnH32lrmIFM7p8BMV/gughpPkT/SYHMDsl1IOqFzjGY=
github.com/prinsb/dog v0.0.0-20230716105239-79dc31e8aaf2 h1:U4RYJSCW6hA+GKRTx6+ci74VVal4Z4F6zooe/fNqPAE=
github.com/prinsb/dog v0.0.0-20230716105239-79dc31e8aaf2/go.mod h1:qnH32lrmIFM7p8BMV/gughpPkT/SYHMDsl1IOqFzjGY=
